
Microsoft Visual Studio Solution File, Format Version 12.00
# Visual Studio Version 16
VisualStudioVersion = 16.0.29503.13
MinimumVisualStudioVersion = 10.0.40219.1
Project("{FAE04EC0-301F-11D3-BF4B-00C04F79EFBC}") = "QLNC", "QLNC\QLNC.csproj", "{058EA82B-9B4D-4CBC-ADA5-B0FD2C2E59FF}"
EndProject
Global
	GlobalSection(SolutionConfigurationPlatforms) = preSolution
		Debug|Any CPU = Debug|Any CPU
		Release|Any CPU = Release|Any CPU
	EndGlobalSection
	GlobalSection(ProjectConfigurationPlatforms) = postSolution
		{058EA82B-9B4D-4CBC-ADA5-B0FD2C2E59FF}.Debug|Any CPU.ActiveCfg = Debug|Any CPU
		{058EA82B-9B4D-4CBC-ADA5-B0FD2C2E59FF}.Debug|Any CPU.Build.0 = Debug|Any CPU
		{058EA82B-9B4D-4CBC-ADA5-B0FD2C2E59FF}.Release|Any CPU.ActiveCfg = Release|Any CPU
		{058EA82B-9B4D-4CBC-ADA5-B0FD2C2E59FF}.Release|Any CPU.Build.0 = Release|Any CPU
	EndGlobalSection
	GlobalSection(SolutionProperties) = preSolution
		HideSolutionNode = FALSE
	EndGlobalSection
	GlobalSection(ExtensibilityGlobals) = postSolution
		SolutionGuid = {C6906F9E-B9F3-4DCF-A2A4-4925296C5F4D}
	EndGlobalSection
EndGlobal
